
Microsoft Visual Studio Solution File, Format Version 12.00
# Visual Studio Version 17
VisualStudioVersion = 17.4.33213.308
MinimumVisualStudioVersion = 10.0.40219.1
Project("{FAE04EC0-301F-11D3-BF4B-00C04F79EFBC}") = "WPF.Lecture.App", "WPF.Lecture.App\WPF.Lecture.App.csproj", "{5CD7B2D9-7049-4CFF-9D38-1A926D2D7CAE}"
EndProject
Global
	GlobalSection(SolutionConfigurationPlatforms) = preSolution
		Debug|Any CPU = Debug|Any CPU
		Release|Any CPU = Release|Any CPU
	EndGlobalSection
	GlobalSection(ProjectConfigurationPlatforms) = postSolution
		{5CD7B2D9-7049-4CFF-9D38-1A926D2D7CAE}.Debug|Any CPU.ActiveCfg = Debug|Any CPU
		{5CD7B2D9-7049-4CFF-9D38-1A926D2D7CAE}.Debug|Any CPU.Build.0 = Debug|Any CPU
		{5CD7B2D9-7049-4CFF-9D38-1A926D2D7CAE}.Release|Any CPU.ActiveCfg = Release|Any CPU
		{5CD7B2D9-7049-4CFF-9D38-1A926D2D7CAE}.Release|Any CPU.Build.0 = Release|Any CPU
	EndGlobalSection
	GlobalSection(SolutionProperties) = preSolution
		HideSolutionNode = FALSE
	EndGlobalSection
	GlobalSection(ExtensibilityGlobals) = postSolution
		SolutionGuid = {0F7D557F-4949-4542-9D10-D165198BE1A2}
	EndGlobalSection
EndGlobal
